
Microsoft Visual Studio Solution File, Format Version 12.00
# Visual Studio 15
VisualStudioVersion = 15.0.27428.2027
MinimumVisualStudioVersion = 10.0.40219.1
Project("{FAE04EC0-301F-11D3-BF4B-00C04F79EFBC}") = "WindowsFormsApp1", "WindowsFormsApp1\WindowsFormsApp1.csproj", "{166E3F3B-A989-49D9-B375-E78287358CD6}"
EndProject
Global
	GlobalSection(SolutionConfigurationPlatforms) = preSolution
		Debug|Any CPU = Debug|Any CPU
		Release|Any CPU = Release|Any CPU
	EndGlobalSection
	GlobalSection(ProjectConfigurationPlatforms) = postSolution
		{166E3F3B-A989-49D9-B375-E78287358CD6}.Debug|Any CPU.ActiveCfg = Debug|Any CPU
		{166E3F3B-A989-49D9-B375-E78287358CD6}.Debug|Any CPU.Build.0 = Debug|Any CPU
		{166E3F3B-A989-49D9-B375-E78287358CD6}.Release|Any CPU.ActiveCfg = Release|Any CPU
		{166E3F3B-A989-49D9-B375-E78287358CD6}.Release|Any CPU.Build.0 = Release|Any CPU
	EndGlobalSection
	GlobalSection(SolutionProperties) = preSolution
		HideSolutionNode = FALSE
	EndGlobalSection
	GlobalSection(ExtensibilityGlobals) = postSolution
		SolutionGuid = {90900B63-DE3C-45FF-A53E-32D268DF1D42}
	EndGlobalSection
EndGlobal
